
Microsoft Visual Studio Solution File, Format Version 12.00
# Visual Studio 15
VisualStudioVersion = 15.0.26228.12
MinimumVisualStudioVersion = 10.0.40219.1
Project("{2150E333-8FDC-42A3-9474-1A3956D46DE8}") = "Solution Items", "Solution Items", "{3F581870-E016-4EB4-ADFC-11EE3AB51038}"
EndProject
Project("{9A19103F-16F7-4668-BE54-9A1E7A4F7556}") = "Repository.Mongo.Cached", "Repository.Mongo.Cached\Repository.Mongo.Cached.csproj", "{EEF7147A-83D3-4D61-9C1F-C17658B42F67}"
EndProject
Global
	GlobalSection(SolutionConfigurationPlatforms) = preSolution
		Debug|Any CPU = Debug|Any CPU
		Release|Any CPU = Release|Any CPU
	EndGlobalSection
	GlobalSection(ProjectConfigurationPlatforms) = postSolution
		{EEF7147A-83D3-4D61-9C1F-C17658B42F67}.Debug|Any CPU.ActiveCfg = Debug|Any CPU
		{EEF7147A-83D3-4D61-9C1F-C17658B42F67}.Debug|Any CPU.Build.0 = Debug|Any CPU
		{EEF7147A-83D3-4D61-9C1F-C17658B42F67}.Release|Any CPU.ActiveCfg = Release|Any CPU
		{EEF7147A-83D3-4D61-9C1F-C17658B42F67}.Release|Any CPU.Build.0 = Release|Any CPU
	EndGlobalSection
	GlobalSection(SolutionProperties) = preSolution
		HideSolutionNode = FALSE
	EndGlobalSection
EndGlobal
